
Microsoft Visual Studio Solution File, Format Version 12.00
# Visual Studio 15
VisualStudioVersion = 15.0.27703.2018
MinimumVisualStudioVersion = 10.0.40219.1
Project("{FAE04EC0-301F-11D3-BF4B-00C04F79EFBC}") = "ColeKine", "ColeKine\ColeKine.csproj", "{675AAD01-AB46-4EA5-A15B-C8D0C2B3A6BB}"
EndProject
Project("{FAE04EC0-301F-11D3-BF4B-00C04F79EFBC}") = "ColeKineWebApplication", "ColeKineWebApplication\ColeKineWebApplication.csproj", "{0F2E9D04-B198-44D5-8AA4-1ABE5CB691C0}"
EndProject
Global
	GlobalSection(SolutionConfigurationPlatforms) = preSolution
		Debug|Any CPU = Debug|Any CPU
		Release|Any CPU = Release|Any CPU
	EndGlobalSection
	GlobalSection(ProjectConfigurationPlatforms) = postSolution
		{675AAD01-AB46-4EA5-A15B-C8D0C2B3A6BB}.Debug|Any CPU.ActiveCfg = Debug|Any CPU
		{675AAD01-AB46-4EA5-A15B-C8D0C2B3A6BB}.Debug|Any CPU.Build.0 = Debug|Any CPU
		{675AAD01-AB46-4EA5-A15B-C8D0C2B3A6BB}.Release|Any CPU.ActiveCfg = Release|Any CPU
		{675AAD01-AB46-4EA5-A15B-C8D0C2B3A6BB}.Release|Any CPU.Build.0 = Release|Any CPU
		{0F2E9D04-B198-44D5-8AA4-1ABE5CB691C0}.Debug|Any CPU.ActiveCfg = Debug|Any CPU
		{0F2E9D04-B198-44D5-8AA4-1ABE5CB691C0}.Debug|Any CPU.Build.0 = Debug|Any CPU
		{0F2E9D04-B198-44D5-8AA4-1ABE5CB691C0}.Release|Any CPU.ActiveCfg = Release|Any CPU
		{0F2E9D04-B198-44D5-8AA4-1ABE5CB691C0}.Release|Any CPU.Build.0 = Release|Any CPU
	EndGlobalSection
	GlobalSection(SolutionProperties) = preSolution
		HideSolutionNode = FALSE
	EndGlobalSection
	GlobalSection(ExtensibilityGlobals) = postSolution
		SolutionGuid = {9649AA7F-3AE6-43CD-ABA3-825F2D256649}
	EndGlobalSection
EndGlobal
